
Microsoft Visual Studio Solution File, Format Version 12.00
# Visual Studio Version 17
VisualStudioVersion = 17.14.36327.8
MinimumVisualStudioVersion = 10.0.40219.1
Project("{2150E333-8FDC-42A3-9474-1A3956D46DE8}") = "src", "src", "{02EA681E-C7D8-13C7-8484-4AC65E1B71E8}"
EndProject
Project("{FAE04EC0-301F-11D3-BF4B-00C04F79EFBC}") = "OnlineEdu", "OnlineEdu\OnlineEdu.csproj", "{20FAB9BF-6AC2-4A2C-BC4B-09641740AA31}"
EndProject
Project("{FAE04EC0-301F-11D3-BF4B-00C04F79EFBC}") = "OnlineEdu.Data", "OnlineEdu.Data\OnlineEdu.Data.csproj", "{861F0EAC-6EAD-4D12-BB8D-399145C9506B}"
EndProject
Project("{FAE04EC0-301F-11D3-BF4B-00C04F79EFBC}") = "OnlineEdu.DTOs", "OnlineEdu.DTOs\OnlineEdu.DTOs.csproj", "{E3F3D6A0-CC3F-4554-B201-6262F57D0466}"
EndProject
Project("{FAE04EC0-301F-11D3-BF4B-00C04F79EFBC}") = "OnlineEdu.Entity", "OnlineEdu.Entity\OnlineEdu.Entity.csproj", "{8375BD9D-D274-4BAC-87B1-6E327C572914}"
EndProject
Project("{2150E333-8FDC-42A3-9474-1A3956D46DE8}") = "Solution Items", "Solution Items", "{8EC462FD-D22E-90A8-E5CE-7E832BA40C5D}"
	ProjectSection(SolutionItems) = preProject
		..\.dockerignore = ..\.dockerignore
		..\docker-compose.yml = ..\docker-compose.yml
		..\Dockerfile = ..\Dockerfile
	EndProjectSection
EndProject
Global
	GlobalSection(SolutionConfigurationPlatforms) = preSolution
		Debug|Any CPU = Debug|Any CPU
		Release|Any CPU = Release|Any CPU
	EndGlobalSection
	GlobalSection(ProjectConfigurationPlatforms) = postSolution
		{20FAB9BF-6AC2-4A2C-BC4B-09641740AA31}.Debug|Any CPU.ActiveCfg = Debug|Any CPU
		{20FAB9BF-6AC2-4A2C-BC4B-09641740AA31}.Debug|Any CPU.Build.0 = Debug|Any CPU
		{20FAB9BF-6AC2-4A2C-BC4B-09641740AA31}.Release|Any CPU.ActiveCfg = Release|Any CPU
		{20FAB9BF-6AC2-4A2C-BC4B-09641740AA31}.Release|Any CPU.Build.0 = Release|Any CPU
		{861F0EAC-6EAD-4D12-BB8D-399145C9506B}.Debug|Any CPU.ActiveCfg = Debug|Any CPU
		{861F0EAC-6EAD-4D12-BB8D-399145C9506B}.Debug|Any CPU.Build.0 = Debug|Any CPU
		{861F0EAC-6EAD-4D12-BB8D-399145C9506B}.Release|Any CPU.ActiveCfg = Release|Any CPU
		{861F0EAC-6EAD-4D12-BB8D-399145C9506B}.Release|Any CPU.Build.0 = Release|Any CPU
		{E3F3D6A0-CC3F-4554-B201-6262F57D0466}.Debug|Any CPU.ActiveCfg = Debug|Any CPU
		{E3F3D6A0-CC3F-4554-B201-6262F57D0466}.Debug|Any CPU.Build.0 = Debug|Any CPU
		{E3F3D6A0-CC3F-4554-B201-6262F57D0466}.Release|Any CPU.ActiveCfg = Release|Any CPU
		{E3F3D6A0-CC3F-4554-B201-6262F57D0466}.Release|Any CPU.Build.0 = Release|Any CPU
		{8375BD9D-D274-4BAC-87B1-6E327C572914}.Debug|Any CPU.ActiveCfg = Debug|Any CPU
		{8375BD9D-D274-4BAC-87B1-6E327C572914}.Debug|Any CPU.Build.0 = Debug|Any CPU
		{8375BD9D-D274-4BAC-87B1-6E327C572914}.Release|Any CPU.ActiveCfg = Release|Any CPU
		{8375BD9D-D274-4BAC-87B1-6E327C572914}.Release|Any CPU.Build.0 = Release|Any CPU
	EndGlobalSection
	GlobalSection(SolutionProperties) = preSolution
		HideSolutionNode = FALSE
	EndGlobalSection
	GlobalSection(NestedProjects) = preSolution
		{20FAB9BF-6AC2-4A2C-BC4B-09641740AA31} = {02EA681E-C7D8-13C7-8484-4AC65E1B71E8}
		{861F0EAC-6EAD-4D12-BB8D-399145C9506B} = {02EA681E-C7D8-13C7-8484-4AC65E1B71E8}
		{E3F3D6A0-CC3F-4554-B201-6262F57D0466} = {02EA681E-C7D8-13C7-8484-4AC65E1B71E8}
		{8375BD9D-D274-4BAC-87B1-6E327C572914} = {02EA681E-C7D8-13C7-8484-4AC65E1B71E8}
	EndGlobalSection
	GlobalSection(ExtensibilityGlobals) = postSolution
		SolutionGuid = {E77DA766-9FF5-4872-B74D-B8CF0EA5B82D}
	EndGlobalSection
EndGlobal
